// !$*UTF8*$!
{
	archiveVersion = 1;
	classes = {
	};
	objectVersion = 56;
	objects = {

/* Begin PBXBuildFile section */
		4D690A7D2A713236005E8D57 /* AppDelegate.swift in Sources */ = {isa = PBXBuildFile; fileRef = 4D690A7C2A713236005E8D57 /* AppDelegate.swift */; };
		4D690A7F2A713236005E8D57 /* SceneDelegate.swift in Sources */ = {isa = PBXBuildFile; fileRef = 4D690A7E2A713236005E8D57 /* SceneDelegate.swift */; };
		4D690A812A713236005E8D57 /* ViewController.swift in Sources */ = {isa = PBXBuildFile; fileRef = 4D690A802A713236005E8D57 /* ViewController.swift */; };
		4D690A842A713236005E8D57 /* Main.storyboard in Resources */ = {isa = PBXBuildFile; fileRef = 4D690A822A713236005E8D57 /* Main.storyboard */; };
		4D690A862A713237005E8D57 /* Assets.xcassets in Resources */ = {isa = PBXBuildFile; fileRef = 4D690A852A713237005E8D57 /* Assets.xcassets */; };
		4D690A892A713237005E8D57 /* LaunchScreen.storyboard in Resources */ = {isa = PBXBuildFile; fileRef = 4D690A872A713237005E8D57 /* LaunchScreen.storyboard */; };
		4D690A942A713238005E8D57 /* ShieldFraud_SPM_DemoTests.swift in Sources */ = {isa = PBXBuildFile; fileRef = 4D690A932A713238005E8D57 /* ShieldFraud_SPM_DemoTests.swift */; };
		4D690A9E2A713238005E8D57 /* ShieldFraud_SPM_DemoUITests.swift in Sources */ = {isa = PBXBuildFile; fileRef = 4D690A9D2A713238005E8D57 /* ShieldFraud_SPM_DemoUITests.swift */; };
		4D690AA02A713238005E8D57 /* ShieldFraud_SPM_DemoUITestsLaunchTests.swift in Sources */ = {isa = PBXBuildFile; fileRef = 4D690A9F2A713238005E8D57 /* ShieldFraud_SPM_DemoUITestsLaunchTests.swift */; };
		4D690AAE2A71329B005E8D57 /* ShieldFraud in Frameworks */ = {isa = PBXBuildFile; productRef = 4D690AAD2A71329B005E8D57 /* ShieldFraud */; };
/* End PBXBuildFile section */

/* Begin PBXContainerItemProxy section */
		4D690A902A713238005E8D57 /* PBXContainerItemProxy */ = {
			isa = PBXContainerItemProxy;
			containerPortal = 4D690A712A713235005E8D57 /* Project object */;
			proxyType = 1;
			remoteGlobalIDString = 4D690A782A713236005E8D57;
			remoteInfo = "ShieldFraud-SPM-Demo";
		};
		4D690A9A2A713238005E8D57 /* PBXContainerItemProxy */ = {
			isa = PBXContainerItemProxy;
			containerPortal = 4D690A712A713235005E8D57 /* Project object */;
			proxyType = 1;
			remoteGlobalIDString = 4D690A782A713236005E8D57;
			remoteInfo = "ShieldFraud-SPM-Demo";
		};
/* End PBXContainerItemProxy section */

/* Begin PBXFileReference section */
		4D690A792A713236005E8D57 /* ShieldFraud-SPM-Demo.app */ = {isa = PBXFileReference; explicitFileType = wrapper.application; includeInIndex = 0; path = "ShieldFraud-SPM-Demo.app"; sourceTree = BUILT_PRODUCTS_DIR; };
		4D690A7C2A713236005E8D57 /* AppDelegate.swift */ = {isa = PBXFileReference; lastKnownFileType = sourcecode.swift; path = AppDelegate.swift; sourceTree = "<group>"; };
		4D690A7E2A713236005E8D57 /* SceneDelegate.swift */ = {isa = PBXFileReference; lastKnownFileType = sourcecode.swift; path = SceneDelegate.swift; sourceTree = "<group>"; };
		4D690A802A713236005E8D57 /* ViewController.swift */ = {isa = PBXFileReference; lastKnownFileType = sourcecode.swift; path = ViewController.swift; sourceTree = "<group>"; };
		4D690A832A713236005E8D57 /* Base */ = {isa = PBXFileReference; lastKnownFileType = file.storyboard; name = Base; path = Base.lproj/Main.storyboard; sourceTree = "<group>"; };
		4D690A852A713237005E8D57 /* Assets.xcassets */ = {isa = PBXFileReference; lastKnownFileType = folder.assetcatalog; path = Assets.xcassets; sourceTree = "<group>"; };
		4D690A882A713237005E8D57 /* Base */ = {isa = PBXFileReference; lastKnownFileType = file.storyboard; name = Base; path = Base.lproj/LaunchScreen.storyboard; sourceTree = "<group>"; };
		4D690A8A2A713237005E8D57 /* Info.plist */ = {isa = PBXFileReference; lastKnownFileType = text.plist.xml; path = Info.plist; sourceTree = "<group>"; };
		4D690A8F2A713238005E8D57 /* ShieldFraud-SPM-DemoTests.xctest */ = {isa = PBXFileReference; explicitFileType = wrapper.cfbundle; includeInIndex = 0; path = "ShieldFraud-SPM-DemoTests.xctest"; sourceTree = BUILT_PRODUCTS_DIR; };
		4D690A932A713238005E8D57 /* ShieldFraud_SPM_DemoTests.swift */ = {isa = PBXFileReference; lastKnownFileType = sourcecode.swift; path = ShieldFraud_SPM_DemoTests.swift; sourceTree = "<group>"; };
		4D690A992A713238005E8D57 /* ShieldFraud-SPM-DemoUITests.xctest */ = {isa = PBXFileReference; explicitFileType = wrapper.cfbundle; includeInIndex = 0; path = "ShieldFraud-SPM-DemoUITests.xctest"; sourceTree = BUILT_PRODUCTS_DIR; };
		4D690A9D2A713238005E8D57 /* ShieldFraud_SPM_DemoUITests.swift */ = {isa = PBXFileReference; lastKnownFileType = sourcecode.swift; path = ShieldFraud_SPM_DemoUITests.swift; sourceTree = "<group>"; };
		4D690A9F2A713238005E8D57 /* ShieldFraud_SPM_DemoUITestsLaunchTests.swift */ = {isa = PBXFileReference; lastKnownFileType = sourcecode.swift; path = ShieldFraud_SPM_DemoUITestsLaunchTests.swift; sourceTree = "<group>"; };
/* End PBXFileReference section */

/* Begin PBXFrameworksBuildPhase section */
		4D690A762A713236005E8D57 /* Frameworks */ = {
			isa = PBXFrameworksBuildPhase;
			buildActionMask = 2147483647;
			files = (
				4D690AAE2A71329B005E8D57 /* ShieldFraud in Frameworks */,
			);
			runOnlyForDeploymentPostprocessing = 0;
		};
		4D690A8C2A713238005E8D57 /* Frameworks */ = {
			isa = PBXFrameworksBuildPhase;
			buildActionMask = 2147483647;
			files = (
			);
			runOnlyForDeploymentPostprocessing = 0;
		};
		4D690A962A713238005E8D57 /* Frameworks */ = {
			isa = PBXFrameworksBuildPhase;
			buildActionMask = 2147483647;
			files = (
			);
			runOnlyForDeploymentPostprocessing = 0;
		};
/* End PBXFrameworksBuildPhase section */

/* Begin PBXGroup section */
		4D690A702A713235005E8D57 = {
			isa = PBXGroup;
			children = (
				4D690A7B2A713236005E8D57 /* ShieldFraud-SPM-Demo */,
				4D690A922A713238005E8D57 /* ShieldFraud-SPM-DemoTests */,
				4D690A9C2A713238005E8D57 /* ShieldFraud-SPM-DemoUITests */,
				4D690A7A2A713236005E8D57 /* Products */,
			);
			sourceTree = "<group>";
		};
		4D690A7A2A713236005E8D57 /* Products */ = {
			isa = PBXGroup;
			children = (
				4D690A792A713236005E8D57 /* ShieldFraud-SPM-Demo.app */,
				4D690A8F2A713238005E8D57 /* ShieldFraud-SPM-DemoTests.xctest */,
				4D690A992A713238005E8D57 /* ShieldFraud-SPM-DemoUITests.xctest */,
			);
			name = Products;
			sourceTree = "<group>";
		};
		4D690A7B2A713236005E8D57 /* ShieldFraud-SPM-Demo */ = {
			isa = PBXGroup;
			children = (
				4D690A7C2A713236005E8D57 /* AppDelegate.swift */,
				4D690A7E2A713236005E8D57 /* SceneDelegate.swift */,
				4D690A802A713236005E8D57 /* ViewController.swift */,
				4D690A822A713236005E8D57 /* Main.storyboard */,
				4D690A852A713237005E8D57 /* Assets.xcassets */,
				4D690A872A713237005E8D57 /* LaunchScreen.storyboard */,
				4D690A8A2A713237005E8D57 /* Info.plist */,
			);
			path = "ShieldFraud-SPM-Demo";
			sourceTree = "<group>";
		};
		4D690A922A713238005E8D57 /* ShieldFraud-SPM-DemoTests */ = {
			isa = PBXGroup;
			children = (
				4D690A932A713238005E8D57 /* ShieldFraud_SPM_DemoTests.swift */,
			);
			path = "ShieldFraud-SPM-DemoTests";
			sourceTree = "<group>";
		};
		4D690A9C2A713238005E8D57 /* ShieldFraud-SPM-DemoUITests */ = {
			isa = PBXGroup;
			children = (
				4D690A9D2A713238005E8D57 /* ShieldFraud_SPM_DemoUITests.swift */,
				4D690A9F2A713238005E8D57 /* ShieldFraud_SPM_DemoUITestsLaunchTests.swift */,
			);
			path = "ShieldFraud-SPM-DemoUITests";
			sourceTree = "<group>";
		};
/* End PBXGroup section */

/* Begin PBXNativeTarget section */
		4D690A782A713236005E8D57 /* ShieldFraud-SPM-Demo */ = {
			isa = PBXNativeTarget;
			buildConfigurationList = 4D690AA32A713238005E8D57 /* Build configuration list for PBXNativeTarget "ShieldFraud-SPM-Demo" */;
			buildPhases = (
				4D690A752A713236005E8D57 /* Sources */,
				4D690A762A713236005E8D57 /* Frameworks */,
				4D690A772A713236005E8D57 /* Resources */,
			);
			buildRules = (
			);
			dependencies = (
			);
			name = "ShieldFraud-SPM-Demo";
			packageProductDependencies = (
				4D690AAD2A71329B005E8D57 /* ShieldFraud */,
			);
			productName = "ShieldFraud-SPM-Demo";
			productReference = 4D690A792A713236005E8D57 /* ShieldFraud-SPM-Demo.app */;
			productType = "com.apple.product-type.application";
		};
		4D690A8E2A713238005E8D57 /* ShieldFraud-SPM-DemoTests */ = {
			isa = PBXNativeTarget;
			buildConfigurationList = 4D690AA62A713238005E8D57 /* Build configuration list for PBXNativeTarget "ShieldFraud-SPM-DemoTests" */;
			buildPhases = (
				4D690A8B2A713238005E8D57 /* Sources */,
				4D690A8C2A713238005E8D57 /* Frameworks */,
				4D690A8D2A713238005E8D57 /* Resources */,
			);
			buildRules = (
			);
			dependencies = (
				4D690A912A713238005E8D57 /* PBXTargetDependency */,
			);
			name = "ShieldFraud-SPM-DemoTests";
			productName = "ShieldFraud-SPM-DemoTests";
			productReference = 4D690A8F2A713238005E8D57 /* ShieldFraud-SPM-DemoTests.xctest */;
			productType = "com.apple.product-type.bundle.unit-test";
		};
		4D690A982A713238005E8D57 /* ShieldFraud-SPM-DemoUITests */ = {
			isa = PBXNativeTarget;
			buildConfigurationList = 4D690AA92A713238005E8D57 /* Build configuration list for PBXNativeTarget "ShieldFraud-SPM-DemoUITests" */;
			buildPhases = (
				4D690A952A713238005E8D57 /* Sources */,
				4D690A962A713238005E8D57 /* Frameworks */,
				4D690A972A713238005E8D57 /* Resources */,
			);
			buildRules = (
			);
			dependencies = (
				4D690A9B2A713238005E8D57 /* PBXTargetDependency */,
			);
			name = "ShieldFraud-SPM-DemoUITests";
			productName = "ShieldFraud-SPM-DemoUITests";
			productReference = 4D690A992A713238005E8D57 /* ShieldFraud-SPM-DemoUITests.xctest */;
			productType = "com.apple.product-type.bundle.ui-testing";
		};
/* End PBXNativeTarget section */

/* Begin PBXProject section */
		4D690A712A713235005E8D57 /* Project object */ = {
			isa = PBXProject;
			attributes = {
				BuildIndependentTargetsInParallel = 1;
				LastSwiftUpdateCheck = 1430;
				LastUpgradeCheck = 1430;
				TargetAttributes = {
					4D690A782A713236005E8D57 = {
						CreatedOnToolsVersion = 14.3.1;
					};
					4D690A8E2A713238005E8D57 = {
						CreatedOnToolsVersion = 14.3.1;
						TestTargetID = 4D690A782A713236005E8D57;
					};
					4D690A982A713238005E8D57 = {
						CreatedOnToolsVersion = 14.3.1;
						TestTargetID = 4D690A782A713236005E8D57;
					};
				};
			};
			buildConfigurationList = 4D690A742A713235005E8D57 /* Build configuration list for PBXProject "ShieldFraud-SPM-Demo" */;
			compatibilityVersion = "Xcode 14.0";
			developmentRegion = en;
			hasScannedForEncodings = 0;
			knownRegions = (
				en,
				Base,
			);
			mainGroup = 4D690A702A713235005E8D57;
			packageReferences = (
				4D690AAC2A71329B005E8D57 /* XCRemoteSwiftPackageReference "shieldfraud-spm" */,
			);
			productRefGroup = 4D690A7A2A713236005E8D57 /* Products */;
			projectDirPath = "";
			projectRoot = "";
			targets = (
				4D690A782A713236005E8D57 /* ShieldFraud-SPM-Demo */,
				4D690A8E2A713238005E8D57 /* ShieldFraud-SPM-DemoTests */,
				4D690A982A713238005E8D57 /* ShieldFraud-SPM-DemoUITests */,
			);
		};
/* End PBXProject section */

/* Begin PBXResourcesBuildPhase section */
		4D690A772A713236005E8D57 /* Resources */ = {
			isa = PBXResourcesBuildPhase;
			buildActionMask = 2147483647;
			files = (
				4D690A892A713237005E8D57 /* LaunchScreen.storyboard in Resources */,
				4D690A862A713237005E8D57 /* Assets.xcassets in Resources */,
				4D690A842A713236005E8D57 /* Main.storyboard in Resources */,
			);
			runOnlyForDeploymentPostprocessing = 0;
		};
		4D690A8D2A713238005E8D57 /* Resources */ = {
			isa = PBXResourcesBuildPhase;
			buildActionMask = 2147483647;
			files = (
			);
			runOnlyForDeploymentPostprocessing = 0;
		};
		4D690A972A713238005E8D57 /* Resources */ = {
			isa = PBXResourcesBuildPhase;
			buildActionMask = 2147483647;
			files = (
			);
			runOnlyForDeploymentPostprocessing = 0;
		};
/* End PBXResourcesBuildPhase section */

/* Begin PBXSourcesBuildPhase section */
		4D690A752A713236005E8D57 /* Sources */ = {
			isa = PBXSourcesBuildPhase;
			buildActionMask = 2147483647;
			files = (
				4D690A812A713236005E8D57 /* ViewController.swift in Sources */,
				4D690A7D2A713236005E8D57 /* AppDelegate.swift in Sources */,
				4D690A7F2A713236005E8D57 /* SceneDelegate.swift in Sources */,
			);
			runOnlyForDeploymentPostprocessing = 0;
		};
		4D690A8B2A713238005E8D57 /* Sources */ = {
			isa = PBXSourcesBuildPhase;
			buildActionMask = 2147483647;
			files = (
				4D690A942A713238005E8D57 /* ShieldFraud_SPM_DemoTests.swift in Sources */,
			);
			runOnlyForDeploymentPostprocessing = 0;
		};
		4D690A952A713238005E8D57 /* Sources */ = {
			isa = PBXSourcesBuildPhase;
			buildActionMask = 2147483647;
			files = (
				4D690AA02A713238005E8D57 /* ShieldFraud_SPM_DemoUITestsLaunchTests.swift in Sources */,
				4D690A9E2A713238005E8D57 /* ShieldFraud_SPM_DemoUITests.swift in Sources */,
			);
			runOnlyForDeploymentPostprocessing = 0;
		};
/* End PBXSourcesBuildPhase section */

/* Begin PBXTargetDependency section */
		4D690A912A713238005E8D57 /* PBXTargetDependency */ = {
			isa = PBXTargetDependency;
			target = 4D690A782A713236005E8D57 /* ShieldFraud-SPM-Demo */;
			targetProxy = 4D690A902A713238005E8D57 /* PBXContainerItemProxy */;
		};
		4D690A9B2A713238005E8D57 /* PBXTargetDependency */ = {
			isa = PBXTargetDependency;
			target = 4D690A782A713236005E8D57 /* ShieldFraud-SPM-Demo */;
			targetProxy = 4D690A9A2A713238005E8D57 /* PBXContainerItemProxy */;
		};
/* End PBXTargetDependency section */

/* Begin PBXVariantGroup section */
		4D690A822A713236005E8D57 /* Main.storyboard */ = {
			isa = PBXVariantGroup;
			children = (
				4D690A832A713236005E8D57 /* Base */,
			);
			name = Main.storyboard;
			sourceTree = "<group>";
		};
		4D690A872A713237005E8D57 /* LaunchScreen.storyboard */ = {
			isa = PBXVariantGroup;
			children = (
				4D690A882A713237005E8D57 /* Base */,
			);
			name = LaunchScreen.storyboard;
			sourceTree = "<group>";
		};
/* End PBXVariantGroup section */

/* Begin XCBuildConfiguration section */
		4D690AA12A713238005E8D57 /* Debug */ = {
			isa = XCBuildConfiguration;
			buildSettings = {
				ALWAYS_SEARCH_USER_PATHS = NO;
				CLANG_ANALYZER_NONNULL = YES;
				CLANG_ANALYZER_NUMBER_OBJECT_CONVERSION = YES_AGGRESSIVE;
				CLANG_CXX_LANGUAGE_STANDARD = "gnu++20";
				CLANG_ENABLE_MODULES = YES;
				CLANG_ENABLE_OBJC_ARC = YES;
				CLANG_ENABLE_OBJC_WEAK = YES;
				CLANG_WARN_BLOCK_CAPTURE_AUTORELEASING = YES;
				CLANG_WARN_BOOL_CONVERSION = YES;
				CLANG_WARN_COMMA = YES;
				CLANG_WARN_CONSTANT_CONVERSION = YES;
				CLANG_WARN_DEPRECATED_OBJC_IMPLEMENTATIONS = YES;
				CLANG_WARN_DIRECT_OBJC_ISA_USAGE = YES_ERROR;
				CLANG_WARN_DOCUMENTATION_COMMENTS = YES;
				CLANG_WARN_EMPTY_BODY = YES;
				CLANG_WARN_ENUM_CONVERSION = YES;
				CLANG_WARN_INFINITE_RECURSION = YES;
				CLANG_WARN_INT_CONVERSION = YES;
				CLANG_WARN_NON_LITERAL_NULL_CONVERSION = YES;
				CLANG_WARN_OBJC_IMPLICIT_RETAIN_SELF = YES;
				CLANG_WARN_OBJC_LITERAL_CONVERSION = YES;
				CLANG_WARN_OBJC_ROOT_CLASS = YES_ERROR;
				CLANG_WARN_QUOTED_INCLUDE_IN_FRAMEWORK_HEADER = YES;
				CLANG_WARN_RANGE_LOOP_ANALYSIS = YES;
				CLANG_WARN_STRICT_PROTOTYPES = YES;
				CLANG_WARN_SUSPICIOUS_MOVE = YES;
				CLANG_WARN_UNGUARDED_AVAILABILITY = YES_AGGRESSIVE;
				CLANG_WARN_UNREACHABLE_CODE = YES;
				CLANG_WARN__DUPLICATE_METHOD_MATCH = YES;
				COPY_PHASE_STRIP = NO;
				DEBUG_INFORMATION_FORMAT = dwarf;
				ENABLE_STRICT_OBJC_MSGSEND = YES;
				ENABLE_TESTABILITY = YES;
				GCC_C_LANGUAGE_STANDARD = gnu11;
				GCC_DYNAMIC_NO_PIC = NO;
				GCC_NO_COMMON_BLOCKS = YES;
				GCC_OPTIMIZATION_LEVEL = 0;
				GCC_PREPROCESSOR_DEFINITIONS = (
					"DEBUG=1",
					"$(inherited)",
				);
				GCC_WARN_64_TO_32_BIT_CONVERSION = YES;
				GCC_WARN_ABOUT_RETURN_TYPE = YES_ERROR;
				GCC_WARN_UNDECLARED_SELECTOR = YES;
				GCC_WARN_UNINITIALIZED_AUTOS = YES_AGGRESSIVE;
				GCC_WARN_UNUSED_FUNCTION = YES;
				GCC_WARN_UNUSED_VARIABLE = YES;
				IPHONEOS_DEPLOYMENT_TARGET = 16.4;
				MTL_ENABLE_DEBUG_INFO = INCLUDE_SOURCE;
				MTL_FAST_MATH = YES;
				ONLY_ACTIVE_ARCH = YES;
				SDKROOT = iphoneos;
				SWIFT_ACTIVE_COMPILATION_CONDITIONS = DEBUG;
				SWIFT_OPTIMIZATION_LEVEL = "-Onone";
			};
			name = Debug;
		};
		4D690AA22A713238005E8D57 /* Release */ = {
			isa = XCBuildConfiguration;
			buildSettings = {
				ALWAYS_SEARCH_USER_PATHS = NO;
				CLANG_ANALYZER_NONNULL = YES;
				CLANG_ANALYZER_NUMBER_OBJECT_CONVERSION = YES_AGGRESSIVE;
				CLANG_CXX_LANGUAGE_STANDARD = "gnu++20";
				CLANG_ENABLE_MODULES = YES;
				CLANG_ENABLE_OBJC_ARC = YES;
				CLANG_ENABLE_OBJC_WEAK = YES;
				CLANG_WARN_BLOCK_CAPTURE_AUTORELEASING = YES;
				CLANG_WARN_BOOL_CONVERSION = YES;
				CLANG_WARN_COMMA = YES;
				CLANG_WARN_CONSTANT_CONVERSION = YES;
				CLANG_WARN_DEPRECATED_OBJC_IMPLEMENTATIONS = YES;
				CLANG_WARN_DIRECT_OBJC_ISA_USAGE = YES_ERROR;
				CLANG_WARN_DOCUMENTATION_COMMENTS = YES;
				CLANG_WARN_EMPTY_BODY = YES;
				CLANG_WARN_ENUM_CONVERSION = YES;
				CLANG_WARN_INFINITE_RECURSION = YES;
				CLANG_WARN_INT_CONVERSION = YES;
				CLANG_WARN_NON_LITERAL_NULL_CONVERSION = YES;
				CLANG_WARN_OBJC_IMPLICIT_RETAIN_SELF = YES;
				CLANG_WARN_OBJC_LITERAL_CONVERSION = YES;
				CLANG_WARN_OBJC_ROOT_CLASS = YES_ERROR;
				CLANG_WARN_QUOTED_INCLUDE_IN_FRAMEWORK_HEADER = YES;
				CLANG_WARN_RANGE_LOOP_ANALYSIS = YES;
				CLANG_WARN_STRICT_PROTOTYPES = YES;
				CLANG_WARN_SUSPICIOUS_MOVE = YES;
				CLANG_WARN_UNGUARDED_AVAILABILITY = YES_AGGRESSIVE;
				CLANG_WARN_UNREACHABLE_CODE = YES;
				CLANG_WARN__DUPLICATE_METHOD_MATCH = YES;
				COPY_PHASE_STRIP = NO;
				DEBUG_INFORMATION_FORMAT = "dwarf-with-dsym";
				ENABLE_NS_ASSERTIONS = NO;
				ENABLE_STRICT_OBJC_MSGSEND = YES;
				GCC_C_LANGUAGE_STANDARD = gnu11;
				GCC_NO_COMMON_BLOCKS = YES;
				GCC_WARN_64_TO_32_BIT_CONVERSION = YES;
				GCC_WARN_ABOUT_RETURN_TYPE = YES_ERROR;
				GCC_WARN_UNDECLARED_SELECTOR = YES;
				GCC_WARN_UNINITIALIZED_AUTOS = YES_AGGRESSIVE;
				GCC_WARN_UNUSED_FUNCTION = YES;
				GCC_WARN_UNUSED_VARIABLE = YES;
				IPHONEOS_DEPLOYMENT_TARGET = 16.4;
				MTL_ENABLE_DEBUG_INFO = NO;
				MTL_FAST_MATH = YES;
				SDKROOT = iphoneos;
				SWIFT_COMPILATION_MODE = wholemodule;
				SWIFT_OPTIMIZATION_LEVEL = "-O";
				VALIDATE_PRODUCT = YES;
			};
			name = Release;
		};
		4D690AA42A713238005E8D57 /* Debug */ = {
			isa = XCBuildConfiguration;
			buildSettings = {
				ASSETCATALOG_COMPILER_APPICON_NAME = AppIcon;
				ASSETCATALOG_COMPILER_GLOBAL_ACCENT_COLOR_NAME = AccentColor;
				CODE_SIGN_STYLE = Automatic;
				CURRENT_PROJECT_VERSION = 1;
				DEVELOPMENT_TEAM = 3T3JWG35T5;
				GENERATE_INFOPLIST_FILE = YES;
				INFOPLIST_FILE = "ShieldFraud-SPM-Demo/Info.plist";
				INFOPLIST_KEY_UIApplicationSupportsIndirectInputEvents = YES;
				INFOPLIST_KEY_UILaunchStoryboardName = LaunchScreen;
				INFOPLIST_KEY_UIMainStoryboardFile = Main;
				INFOPLIST_KEY_UISupportedInterfaceOrientations_iPad = "UIInterfaceOrientationPortrait UIInterfaceOrientationPortraitUpsideDown UIInterfaceOrientationLandscapeLeft UIInterfaceOrientationLandscapeRight";
				INFOPLIST_KEY_UISupportedInterfaceOrientations_iPhone = "UIInterfaceOrientationPortrait UIInterfaceOrientationLandscapeLeft UIInterfaceOrientationLandscapeRight";
				IPHONEOS_DEPLOYMENT_TARGET = 12.0;
				LD_RUNPATH_SEARCH_PATHS = (
					"$(inherited)",
					"@executable_path/Frameworks",
				);
				MARKETING_VERSION = 1.0;
				PRODUCT_BUNDLE_IDENTIFIER = "com.deepak.ShieldFraud-SPM-Demo";
				PRODUCT_NAME = "$(TARGET_NAME)";
				SWIFT_EMIT_LOC_STRINGS = YES;
				SWIFT_VERSION = 5.0;
				TARGETED_DEVICE_FAMILY = "1,2";
			};
			name = Debug;
		};
		4D690AA52A713238005E8D57 /* Release */ = {
			isa = XCBuildConfiguration;
			buildSettings = {
				ASSETCATALOG_COMPILER_APPICON_NAME = AppIcon;
				ASSETCATALOG_COMPILER_GLOBAL_ACCENT_COLOR_NAME = AccentColor;
				CODE_SIGN_STYLE = Automatic;
				CURRENT_PROJECT_VERSION = 1;
				DEVELOPMENT_TEAM = 3T3JWG35T5;
				GENERATE_INFOPLIST_FILE = YES;
				INFOPLIST_FILE = "ShieldFraud-SPM-Demo/Info.plist";
				INFOPLIST_KEY_UIApplicationSupportsIndirectInputEvents = YES;
				INFOPLIST_KEY_UILaunchStoryboardName = LaunchScreen;
				INFOPLIST_KEY_UIMainStoryboardFile = Main;
				INFOPLIST_KEY_UISupportedInterfaceOrientations_iPad = "UIInterfaceOrientationPortrait UIInterfaceOrientationPortraitUpsideDown UIInterfaceOrientationLandscapeLeft UIInterfaceOrientationLandscapeRight";
				INFOPLIST_KEY_UISupportedInterfaceOrientations_iPhone = "UIInterfaceOrientationPortrait UIInterfaceOrientationLandscapeLeft UIInterfaceOrientationLandscapeRight";
				IPHONEOS_DEPLOYMENT_TARGET = 12.0;
				LD_RUNPATH_SEARCH_PATHS = (
					"$(inherited)",
					"@executable_path/Frameworks",
				);
				MARKETING_VERSION = 1.0;
				PRODUCT_BUNDLE_IDENTIFIER = "com.deepak.ShieldFraud-SPM-Demo";
				PRODUCT_NAME = "$(TARGET_NAME)";
				SWIFT_EMIT_LOC_STRINGS = YES;
				SWIFT_VERSION = 5.0;
				TARGETED_DEVICE_FAMILY = "1,2";
			};
			name = Release;
		};
		4D690AA72A713238005E8D57 /* Debug */ = {
			isa = XCBuildConfiguration;
			buildSettings = {
				ALWAYS_EMBED_SWIFT_STANDARD_LIBRARIES = YES;
				BUNDLE_LOADER = "$(TEST_HOST)";
				CODE_SIGN_STYLE = Automatic;
				CURRENT_PROJECT_VERSION = 1;
				DEVELOPMENT_TEAM = 3T3JWG35T5;
				GENERATE_INFOPLIST_FILE = YES;
				IPHONEOS_DEPLOYMENT_TARGET = 16.4;
				MARKETING_VERSION = 1.0;
				PRODUCT_BUNDLE_IDENTIFIER = "com.deepak.ShieldFraud-SPM-DemoTests";
				PRODUCT_NAME = "$(TARGET_NAME)";
				SWIFT_EMIT_LOC_STRINGS = NO;
				SWIFT_VERSION = 5.0;
				TARGETED_DEVICE_FAMILY = "1,2";
				TEST_HOST = "$(BUILT_PRODUCTS_DIR)/ShieldFraud-SPM-Demo.app/$(BUNDLE_EXECUTABLE_FOLDER_PATH)/ShieldFraud-SPM-Demo";
			};
			name = Debug;
		};
		4D690AA82A713238005E8D57 /* Release */ = {
			isa = XCBuildConfiguration;
			buildSettings = {
				ALWAYS_EMBED_SWIFT_STANDARD_LIBRARIES = YES;
				BUNDLE_LOADER = "$(TEST_HOST)";
				CODE_SIGN_STYLE = Automatic;
				CURRENT_PROJECT_VERSION = 1;
				DEVELOPMENT_TEAM = 3T3JWG35T5;
				GENERATE_INFOPLIST_FILE = YES;
				IPHONEOS_DEPLOYMENT_TARGET = 16.4;
				MARKETING_VERSION = 1.0;
				PRODUCT_BUNDLE_IDENTIFIER = "com.deepak.ShieldFraud-SPM-DemoTests";
				PRODUCT_NAME = "$(TARGET_NAME)";
				SWIFT_EMIT_LOC_STRINGS = NO;
				SWIFT_VERSION = 5.0;
				TARGETED_DEVICE_FAMILY = "1,2";
				TEST_HOST = "$(BUILT_PRODUCTS_DIR)/ShieldFraud-SPM-Demo.app/$(BUNDLE_EXECUTABLE_FOLDER_PATH)/ShieldFraud-SPM-Demo";
			};
			name = Release;
		};
		4D690AAA2A713238005E8D57 /* Debug */ = {
			isa = XCBuildConfiguration;
			buildSettings = {
				ALWAYS_EMBED_SWIFT_STANDARD_LIBRARIES = YES;
				CODE_SIGN_STYLE = Automatic;
				CURRENT_PROJECT_VERSION = 1;
				DEVELOPMENT_TEAM = 3T3JWG35T5;
				GENERATE_INFOPLIST_FILE = YES;
				MARKETING_VERSION = 1.0;
				PRODUCT_BUNDLE_IDENTIFIER = "com.deepak.ShieldFraud-SPM-DemoUITests";
				PRODUCT_NAME = "$(TARGET_NAME)";
				SWIFT_EMIT_LOC_STRINGS = NO;
				SWIFT_VERSION = 5.0;
				TARGETED_DEVICE_FAMILY = "1,2";
				TEST_TARGET_NAME = "ShieldFraud-SPM-Demo";
			};
			name = Debug;
		};
		4D690AAB2A713238005E8D57 /* Release */ = {
			isa = XCBuildConfiguration;
			buildSettings = {
				ALWAYS_EMBED_SWIFT_STANDARD_LIBRARIES = YES;
				CODE_SIGN_STYLE = Automatic;
				CURRENT_PROJECT_VERSION = 1;
				DEVELOPMENT_TEAM = 3T3JWG35T5;
				GENERATE_INFOPLIST_FILE = YES;
				MARKETING_VERSION = 1.0;
				PRODUCT_BUNDLE_IDENTIFIER = "com.deepak.ShieldFraud-SPM-DemoUITests";
				PRODUCT_NAME = "$(TARGET_NAME)";
				SWIFT_EMIT_LOC_STRINGS = NO;
				SWIFT_VERSION = 5.0;
				TARGETED_DEVICE_FAMILY = "1,2";
				TEST_TARGET_NAME = "ShieldFraud-SPM-Demo";
			};
			name = Release;
		};
/* End XCBuildConfiguration section */

/* Begin XCConfigurationList section */
		4D690A742A713235005E8D57 /* Build configuration list for PBXProject "ShieldFraud-SPM-Demo" */ = {
			isa = XCConfigurationList;
			buildConfigurations = (
				4D690AA12A713238005E8D57 /* Debug */,
				4D690AA22A713238005E8D57 /* Release */,
			);
			defaultConfigurationIsVisible = 0;
			defaultConfigurationName = Release;
		};
		4D690AA32A713238005E8D57 /* Build configuration list for PBXNativeTarget "ShieldFraud-SPM-Demo" */ = {
			isa = XCConfigurationList;
			buildConfigurations = (
				4D690AA42A713238005E8D57 /* Debug */,
				4D690AA52A713238005E8D57 /* Release */,
			);
			defaultConfigurationIsVisible = 0;
			defaultConfigurationName = Release;
		};
		4D690AA62A713238005E8D57 /* Build configuration list for PBXNativeTarget "ShieldFraud-SPM-DemoTests" */ = {
			isa = XCConfigurationList;
			buildConfigurations = (
				4D690AA72A713238005E8D57 /* Debug */,
				4D690AA82A713238005E8D57 /* Release */,
			);
			defaultConfigurationIsVisible = 0;
			defaultConfigurationName = Release;
		};
		4D690AA92A713238005E8D57 /* Build configuration list for PBXNativeTarget "ShieldFraud-SPM-DemoUITests" */ = {
			isa = XCConfigurationList;
			buildConfigurations = (
				4D690AAA2A713238005E8D57 /* Debug */,
				4D690AAB2A713238005E8D57 /* Release */,
			);
			defaultConfigurationIsVisible = 0;
			defaultConfigurationName = Release;
		};
/* End XCConfigurationList section */

/* Begin XCRemoteSwiftPackageReference section */
		4D690AAC2A71329B005E8D57 /* XCRemoteSwiftPackageReference "shieldfraud-spm" */ = {
			isa = XCRemoteSwiftPackageReference;
			repositoryURL = "https://github.com/rajdeepak27/shieldfraud-spm";
			requirement = {
				branch = main;
				kind = branch;
			};
		};
/* End XCRemoteSwiftPackageReference section */

/* Begin XCSwiftPackageProductDependency section */
		4D690AAD2A71329B005E8D57 /* ShieldFraud */ = {
			isa = XCSwiftPackageProductDependency;
			package = 4D690AAC2A71329B005E8D57 /* XCRemoteSwiftPackageReference "shieldfraud-spm" */;
			productName = ShieldFraud;
		};
/* End XCSwiftPackageProductDependency section */
	};
	rootObject = 4D690A712A713235005E8D57 /* Project object */;
}
